{
  "name": "@typedly/character",
  "version": "0.0.0",
  "lockfileVersion": 3,
  "requires": true,
  "packages": {
    "": {
      "name": "@typedly/character",
      "version": "0.0.0",
      "funding": [
        {
          "type": "stripe",
          "url": "https://donate.stripe.com/dR614hfDZcJE3wAcMM"
        },
        {
          "type": "revolut",
          "url": "https://checkout.revolut.com/pay/048b10a3-0e10-42c8-a917-e3e9cb4c8e29"
        }
      ],
      "license": "MIT",
      "peerDependencies": {
        "@typedly/digit": "^1.1.1",
        "@typedly/letter": "^1.0.0",
        "@typedly/symbol": "^2.1.0"
      }
    },
    "node_modules/@typedly/digit": {
      "version": "1.1.1",
      "resolved": "https://registry.npmjs.org/@typedly/digit/-/digit-1.1.1.tgz",
      "integrity": "sha512-dbpvA7Ct3MniHCECmz0BpPQ7d9iHGpkhZ56mmeZz6Tl7SMATqnDySgt7Kofci0IwmchB6UFOB1yWChRXmaq8Mw==",
      "funding": [
        {
          "type": "stripe",
          "url": "https://donate.stripe.com/dR614hfDZcJE3wAcMM"
        },
        {
          "type": "revolut",
          "url": "https://checkout.revolut.com/pay/048b10a3-0e10-42c8-a917-e3e9cb4c8e29"
        }
      ],
      "license": "MIT",
      "peer": true
    },
    "node_modules/@typedly/letter": {
      "version": "1.0.0",
      "resolved": "https://registry.npmjs.org/@typedly/letter/-/letter-1.0.0.tgz",
      "integrity": "sha512-Nvxq8kt6RS/1Arr2JMtQdDWMGV2BjIOsy1u3/EVNJVba8WXvRrkPAQpQDcQw1Qyt7B2Kf3e8N16oK4f9e79QkA==",
      "funding": [
        {
          "type": "stripe",
          "url": "https://donate.stripe.com/dR614hfDZcJE3wAcMM"
        },
        {
          "type": "revolut",
          "url": "https://checkout.revolut.com/pay/048b10a3-0e10-42c8-a917-e3e9cb4c8e29"
        }
      ],
      "license": "MIT",
      "peer": true
    },
    "node_modules/@typedly/symbol": {
      "version": "2.1.0",
      "resolved": "https://registry.npmjs.org/@typedly/symbol/-/symbol-2.1.0.tgz",
      "integrity": "sha512-NGNERa62TcgCDvLrIVsTU1Vd5tXYQa+EfEiGBgUV0YVafl/8qqkrUhiiQe/RAXi4dGnn2XOu8RGVbQvFP9AzTA==",
      "funding": [
        {
          "type": "stripe",
          "url": "https://donate.stripe.com/dR614hfDZcJE3wAcMM"
        },
        {
          "type": "revolut",
          "url": "https://checkout.revolut.com/pay/048b10a3-0e10-42c8-a917-e3e9cb4c8e29"
        }
      ],
      "license": "MIT",
      "peer": true
    }
  }
}
